// !$*UTF8*$!
{
	archiveVersion = 1;
	classes = {
	};
	objectVersion = 51;
	objects = {

/* Begin PBXBuildFile section */
		23D3F6E426BCE83F0000760A /* AppDelegate.swift in Sources */ = {isa = PBXBuildFile; fileRef = 23D3F6E326BCE83F0000760A /* AppDelegate.swift */; };
		23D3F6E626BCE83F0000760A /* SceneDelegate.swift in Sources */ = {isa = PBXBuildFile; fileRef = 23D3F6E526BCE83F0000760A /* SceneDelegate.swift */; };
		23D3F6EB26BCE83F0000760A /* Main.storyboard in Resources */ = {isa = PBXBuildFile; fileRef = 23D3F6E926BCE83F0000760A /* Main.storyboard */; };
		23D3F6EE26BCE83F0000760A /* RxMemo.xcdatamodeld in Sources */ = {isa = PBXBuildFile; fileRef = 23D3F6EC26BCE83F0000760A /* RxMemo.xcdatamodeld */; };
		23D3F6F026BCE8420000760A /* Assets.xcassets in Resources */ = {isa = PBXBuildFile; fileRef = 23D3F6EF26BCE8420000760A /* Assets.xcassets */; };
		23D3F6F326BCE8420000760A /* LaunchScreen.storyboard in Resources */ = {isa = PBXBuildFile; fileRef = 23D3F6F126BCE8420000760A /* LaunchScreen.storyboard */; };
		23D3F70026BCFD6A0000760A /* Memo.swift in Sources */ = {isa = PBXBuildFile; fileRef = 23D3F6FF26BCFD6A0000760A /* Memo.swift */; };
		23D3F70226BCFE490000760A /* MemoStorageType.swift in Sources */ = {isa = PBXBuildFile; fileRef = 23D3F70126BCFE490000760A /* MemoStorageType.swift */; };
		23D3F70626BCFF8B0000760A /* MemoryStorage.swift in Sources */ = {isa = PBXBuildFile; fileRef = 23D3F70526BCFF8B0000760A /* MemoryStorage.swift */; };
		23D3F70826BD074A0000760A /* MemoListViewController.swift in Sources */ = {isa = PBXBuildFile; fileRef = 23D3F70726BD074A0000760A /* MemoListViewController.swift */; };
		23D3F70A26BD07730000760A /* MemoDetailViewController.swift in Sources */ = {isa = PBXBuildFile; fileRef = 23D3F70926BD07730000760A /* MemoDetailViewController.swift */; };
		23D3F70C26BD079F0000760A /* MemoComposeViewController.swift in Sources */ = {isa = PBXBuildFile; fileRef = 23D3F70B26BD079F0000760A /* MemoComposeViewController.swift */; };
		23D3F70E26BD08DE0000760A /* MemoListViewModel.swift in Sources */ = {isa = PBXBuildFile; fileRef = 23D3F70D26BD08DE0000760A /* MemoListViewModel.swift */; };
		23D3F71026BD090C0000760A /* MemoDetailViewModel.swift in Sources */ = {isa = PBXBuildFile; fileRef = 23D3F70F26BD090C0000760A /* MemoDetailViewModel.swift */; };
		23D3F71226BD092E0000760A /* MemoComposeViewModel.swift in Sources */ = {isa = PBXBuildFile; fileRef = 23D3F71126BD092E0000760A /* MemoComposeViewModel.swift */; };
		23D3F71426BD09A50000760A /* ViewModelBindableType.swift in Sources */ = {isa = PBXBuildFile; fileRef = 23D3F71326BD09A50000760A /* ViewModelBindableType.swift */; };
		3F0C0EAA8C96B71B60ACAFDD /* Pods_RxMemo.framework in Frameworks */ = {isa = PBXBuildFile; fileRef = DED20B0F6EF0AD7506A5F52A /* Pods_RxMemo.framework */; };
/* End PBXBuildFile section */

/* Begin PBXFileReference section */
		06D4411C65F1EEAB7F9C6EBD /* Pods-RxMemo.debug.xcconfig */ = {isa = PBXFileReference; includeInIndex = 1; lastKnownFileType = text.xcconfig; name = "Pods-RxMemo.debug.xcconfig"; path = "Target Support Files/Pods-RxMemo/Pods-RxMemo.debug.xcconfig"; sourceTree = "<group>"; };
		23D3F6E026BCE83F0000760A /* RxMemo.app */ = {isa = PBXFileReference; explicitFileType = wrapper.application; includeInIndex = 0; path = RxMemo.app; sourceTree = BUILT_PRODUCTS_DIR; };
		23D3F6E326BCE83F0000760A /* AppDelegate.swift */ = {isa = PBXFileReference; lastKnownFileType = sourcecode.swift; path = AppDelegate.swift; sourceTree = "<group>"; };
		23D3F6E526BCE83F0000760A /* SceneDelegate.swift */ = {isa = PBXFileReference; lastKnownFileType = sourcecode.swift; path = SceneDelegate.swift; sourceTree = "<group>"; };
		23D3F6EA26BCE83F0000760A /* Base */ = {isa = PBXFileReference; lastKnownFileType = file.storyboard; name = Base; path = Base.lproj/Main.storyboard; sourceTree = "<group>"; };
		23D3F6ED26BCE83F0000760A /* RxMemo.xcdatamodel */ = {isa = PBXFileReference; lastKnownFileType = wrapper.xcdatamodel; path = RxMemo.xcdatamodel; sourceTree = "<group>"; };
		23D3F6EF26BCE8420000760A /* Assets.xcassets */ = {isa = PBXFileReference; lastKnownFileType = folder.assetcatalog; path = Assets.xcassets; sourceTree = "<group>"; };
		23D3F6F226BCE8420000760A /* Base */ = {isa = PBXFileReference; lastKnownFileType = file.storyboard; name = Base; path = Base.lproj/LaunchScreen.storyboard; sourceTree = "<group>"; };
		23D3F6F426BCE8420000760A /* Info.plist */ = {isa = PBXFileReference; lastKnownFileType = text.plist.xml; path = Info.plist; sourceTree = "<group>"; };
		23D3F6FF26BCFD6A0000760A /* Memo.swift */ = {isa = PBXFileReference; lastKnownFileType = sourcecode.swift; path = Memo.swift; sourceTree = "<group>"; };
		23D3F70126BCFE490000760A /* MemoStorageType.swift */ = {isa = PBXFileReference; lastKnownFileType = sourcecode.swift; path = MemoStorageType.swift; sourceTree = "<group>"; };
		23D3F70526BCFF8B0000760A /* MemoryStorage.swift */ = {isa = PBXFileReference; lastKnownFileType = sourcecode.swift; path = MemoryStorage.swift; sourceTree = "<group>"; };
		23D3F70726BD074A0000760A /* MemoListViewController.swift */ = {isa = PBXFileReference; lastKnownFileType = sourcecode.swift; path = MemoListViewController.swift; sourceTree = "<group>"; };
		23D3F70926BD07730000760A /* MemoDetailViewController.swift */ = {isa = PBXFileReference; lastKnownFileType = sourcecode.swift; path = MemoDetailViewController.swift; sourceTree = "<group>"; };
		23D3F70B26BD079F0000760A /* MemoComposeViewController.swift */ = {isa = PBXFileReference; lastKnownFileType = sourcecode.swift; path = MemoComposeViewController.swift; sourceTree = "<group>"; };
		23D3F70D26BD08DE0000760A /* MemoListViewModel.swift */ = {isa = PBXFileReference; lastKnownFileType = sourcecode.swift; path = MemoListViewModel.swift; sourceTree = "<group>"; };
		23D3F70F26BD090C0000760A /* MemoDetailViewModel.swift */ = {isa = PBXFileReference; lastKnownFileType = sourcecode.swift; path = MemoDetailViewModel.swift; sourceTree = "<group>"; };
		23D3F71126BD092E0000760A /* MemoComposeViewModel.swift */ = {isa = PBXFileReference; lastKnownFileType = sourcecode.swift; path = MemoComposeViewModel.swift; sourceTree = "<group>"; };
		23D3F71326BD09A50000760A /* ViewModelBindableType.swift */ = {isa = PBXFileReference; lastKnownFileType = sourcecode.swift; path = ViewModelBindableType.swift; sourceTree = "<group>"; };
		53A99981F6473D009F87D717 /* Pods-RxMemo.release.xcconfig */ = {isa = PBXFileReference; includeInIndex = 1; lastKnownFileType = text.xcconfig; name = "Pods-RxMemo.release.xcconfig"; path = "Target Support Files/Pods-RxMemo/Pods-RxMemo.release.xcconfig"; sourceTree = "<group>"; };
		DED20B0F6EF0AD7506A5F52A /* Pods_RxMemo.framework */ = {isa = PBXFileReference; explicitFileType = wrapper.framework; includeInIndex = 0; path = Pods_RxMemo.framework; sourceTree = BUILT_PRODUCTS_DIR; };
/* End PBXFileReference section */

/* Begin PBXFrameworksBuildPhase section */
		23D3F6DD26BCE83F0000760A /* Frameworks */ = {
			isa = PBXFrameworksBuildPhase;
			buildActionMask = 2147483647;
			files = (
				3F0C0EAA8C96B71B60ACAFDD /* Pods_RxMemo.framework in Frameworks */,
			);
			runOnlyForDeploymentPostprocessing = 0;
		};
/* End PBXFrameworksBuildPhase section */

/* Begin PBXGroup section */
		23D3F6D726BCE83F0000760A = {
			isa = PBXGroup;
			children = (
				23D3F6E226BCE83F0000760A /* RxMemo */,
				23D3F6E126BCE83F0000760A /* Products */,
				9A74A005E36354056C6A6C05 /* Pods */,
				87BF016E1E5873F1CA963783 /* Frameworks */,
			);
			sourceTree = "<group>";
		};
		23D3F6E126BCE83F0000760A /* Products */ = {
			isa = PBXGroup;
			children = (
				23D3F6E026BCE83F0000760A /* RxMemo.app */,
			);
			name = Products;
			sourceTree = "<group>";
		};
		23D3F6E226BCE83F0000760A /* RxMemo */ = {
			isa = PBXGroup;
			children = (
				23D3F6FE26BCFC430000760A /* Scene */,
				23D3F6FD26BCFC310000760A /* Service */,
				23D3F6FC26BCFC1D0000760A /* ViewModel */,
				23D3F6FB26BCFC070000760A /* ViewController */,
				23D3F6FA26BCFBF00000760A /* Model */,
				23D3F6E326BCE83F0000760A /* AppDelegate.swift */,
				23D3F6E526BCE83F0000760A /* SceneDelegate.swift */,
				23D3F6EF26BCE8420000760A /* Assets.xcassets */,
				23D3F6F426BCE8420000760A /* Info.plist */,
			);
			path = RxMemo;
			sourceTree = "<group>";
		};
		23D3F6FA26BCFBF00000760A /* Model */ = {
			isa = PBXGroup;
			children = (
				23D3F6FF26BCFD6A0000760A /* Memo.swift */,
			);
			path = Model;
			sourceTree = "<group>";
		};
		23D3F6FB26BCFC070000760A /* ViewController */ = {
			isa = PBXGroup;
			children = (
				23D3F6E926BCE83F0000760A /* Main.storyboard */,
				23D3F6F126BCE8420000760A /* LaunchScreen.storyboard */,
				23D3F70726BD074A0000760A /* MemoListViewController.swift */,
				23D3F70926BD07730000760A /* MemoDetailViewController.swift */,
				23D3F70B26BD079F0000760A /* MemoComposeViewController.swift */,
				23D3F71326BD09A50000760A /* ViewModelBindableType.swift */,
			);
			path = ViewController;
			sourceTree = "<group>";
		};
		23D3F6FC26BCFC1D0000760A /* ViewModel */ = {
			isa = PBXGroup;
			children = (
				23D3F70D26BD08DE0000760A /* MemoListViewModel.swift */,
				23D3F70F26BD090C0000760A /* MemoDetailViewModel.swift */,
				23D3F71126BD092E0000760A /* MemoComposeViewModel.swift */,
			);
			path = ViewModel;
			sourceTree = "<group>";
		};
		23D3F6FD26BCFC310000760A /* Service */ = {
			isa = PBXGroup;
			children = (
				23D3F70426BCFF620000760A /* CoreDataStorage */,
				23D3F70326BCFF100000760A /* MemoryStorage */,
				23D3F70126BCFE490000760A /* MemoStorageType.swift */,
			);
			path = Service;
			sourceTree = "<group>";
		};
		23D3F6FE26BCFC430000760A /* Scene */ = {
			isa = PBXGroup;
			children = (
			);
			path = Scene;
			sourceTree = "<group>";
		};
		23D3F70326BCFF100000760A /* MemoryStorage */ = {
			isa = PBXGroup;
			children = (
				23D3F70526BCFF8B0000760A /* MemoryStorage.swift */,
			);
			path = MemoryStorage;
			sourceTree = "<group>";
		};
		23D3F70426BCFF620000760A /* CoreDataStorage */ = {
			isa = PBXGroup;
			children = (
				23D3F6EC26BCE83F0000760A /* RxMemo.xcdatamodeld */,
			);
			path = CoreDataStorage;
			sourceTree = "<group>";
		};
		87BF016E1E5873F1CA963783 /* Frameworks */ = {
			isa = PBXGroup;
			children = (
				DED20B0F6EF0AD7506A5F52A /* Pods_RxMemo.framework */,
			);
			name = Frameworks;
			sourceTree = "<group>";
		};
		9A74A005E36354056C6A6C05 /* Pods */ = {
			isa = PBXGroup;
			children = (
				06D4411C65F1EEAB7F9C6EBD /* Pods-RxMemo.debug.xcconfig */,
				53A99981F6473D009F87D717 /* Pods-RxMemo.release.xcconfig */,
			);
			path = Pods;
			sourceTree = "<group>";
		};
/* End PBXGroup section */

/* Begin PBXNativeTarget section */
		23D3F6DF26BCE83F0000760A /* RxMemo */ = {
			isa = PBXNativeTarget;
			buildConfigurationList = 23D3F6F726BCE8420000760A /* Build configuration list for PBXNativeTarget "RxMemo" */;
			buildPhases = (
				1A7DFEBE493761D92E4FE99A /* [CP] Check Pods Manifest.lock */,
				23D3F6DC26BCE83F0000760A /* Sources */,
				23D3F6DD26BCE83F0000760A /* Frameworks */,
				23D3F6DE26BCE83F0000760A /* Resources */,
				B779BAC13E2DFD195C373738 /* [CP] Embed Pods Frameworks */,
			);
			buildRules = (
			);
			dependencies = (
			);
			name = RxMemo;
			productName = RxMemo;
			productReference = 23D3F6E026BCE83F0000760A /* RxMemo.app */;
			productType = "com.apple.product-type.application";
		};
/* End PBXNativeTarget section */

/* Begin PBXProject section */
		23D3F6D826BCE83F0000760A /* Project object */ = {
			isa = PBXProject;
			attributes = {
				LastSwiftUpdateCheck = 1250;
				LastUpgradeCheck = 1250;
				TargetAttributes = {
					23D3F6DF26BCE83F0000760A = {
						CreatedOnToolsVersion = 12.5;
					};
				};
			};
			buildConfigurationList = 23D3F6DB26BCE83F0000760A /* Build configuration list for PBXProject "RxMemo" */;
			compatibilityVersion = "Xcode 9.3";
			developmentRegion = en;
			hasScannedForEncodings = 0;
			knownRegions = (
				en,
				Base,
			);
			mainGroup = 23D3F6D726BCE83F0000760A;
			productRefGroup = 23D3F6E126BCE83F0000760A /* Products */;
			projectDirPath = "";
			projectRoot = "";
			targets = (
				23D3F6DF26BCE83F0000760A /* RxMemo */,
			);
		};
/* End PBXProject section */

/* Begin PBXResourcesBuildPhase section */
		23D3F6DE26BCE83F0000760A /* Resources */ = {
			isa = PBXResourcesBuildPhase;
			buildActionMask = 2147483647;
			files = (
				23D3F6F326BCE8420000760A /* LaunchScreen.storyboard in Resources */,
				23D3F6F026BCE8420000760A /* Assets.xcassets in Resources */,
				23D3F6EB26BCE83F0000760A /* Main.storyboard in Resources */,
			);
			runOnlyForDeploymentPostprocessing = 0;
		};
/* End PBXResourcesBuildPhase section */

/* Begin PBXShellScriptBuildPhase section */
		1A7DFEBE493761D92E4FE99A /* [CP] Check Pods Manifest.lock */ = {
			isa = PBXShellScriptBuildPhase;
			buildActionMask = 2147483647;
			files = (
			);
			inputFileListPaths = (
			);
			inputPaths = (
				"${PODS_PODFILE_DIR_PATH}/Podfile.lock",
				"${PODS_ROOT}/Manifest.lock",
			);
			name = "[CP] Check Pods Manifest.lock";
			outputFileListPaths = (
			);
			outputPaths = (
				"$(DERIVED_FILE_DIR)/Pods-RxMemo-checkManifestLockResult.txt",
			);
			runOnlyForDeploymentPostprocessing = 0;
			shellPath = /bin/sh;
			shellScript = "diff \"${PODS_PODFILE_DIR_PATH}/Podfile.lock\" \"${PODS_ROOT}/Manifest.lock\" > /dev/null\nif [ $? != 0 ] ; then\n    # print error to STDERR\n    echo \"error: The sandbox is not in sync with the Podfile.lock. Run 'pod install' or update your CocoaPods installation.\" >&2\n    exit 1\nfi\n# This output is used by Xcode 'outputs' to avoid re-running this script phase.\necho \"SUCCESS\" > \"${SCRIPT_OUTPUT_FILE_0}\"\n";
			showEnvVarsInLog = 0;
		};
		B779BAC13E2DFD195C373738 /* [CP] Embed Pods Frameworks */ = {
			isa = PBXShellScriptBuildPhase;
			buildActionMask = 2147483647;
			files = (
			);
			inputFileListPaths = (
				"${PODS_ROOT}/Target Support Files/Pods-RxMemo/Pods-RxMemo-frameworks-${CONFIGURATION}-input-files.xcfilelist",
			);
			name = "[CP] Embed Pods Frameworks";
			outputFileListPaths = (
				"${PODS_ROOT}/Target Support Files/Pods-RxMemo/Pods-RxMemo-frameworks-${CONFIGURATION}-output-files.xcfilelist",
			);
			runOnlyForDeploymentPostprocessing = 0;
			shellPath = /bin/sh;
			shellScript = "\"${PODS_ROOT}/Target Support Files/Pods-RxMemo/Pods-RxMemo-frameworks.sh\"\n";
			showEnvVarsInLog = 0;
		};
/* End PBXShellScriptBuildPhase section */

/* Begin PBXSourcesBuildPhase section */
		23D3F6DC26BCE83F0000760A /* Sources */ = {
			isa = PBXSourcesBuildPhase;
			buildActionMask = 2147483647;
			files = (
				23D3F70626BCFF8B0000760A /* MemoryStorage.swift in Sources */,
				23D3F71226BD092E0000760A /* MemoComposeViewModel.swift in Sources */,
				23D3F70A26BD07730000760A /* MemoDetailViewController.swift in Sources */,
				23D3F71426BD09A50000760A /* ViewModelBindableType.swift in Sources */,
				23D3F6E426BCE83F0000760A /* AppDelegate.swift in Sources */,
				23D3F70226BCFE490000760A /* MemoStorageType.swift in Sources */,
				23D3F6E626BCE83F0000760A /* SceneDelegate.swift in Sources */,
				23D3F6EE26BCE83F0000760A /* RxMemo.xcdatamodeld in Sources */,
				23D3F70E26BD08DE0000760A /* MemoListViewModel.swift in Sources */,
				23D3F71026BD090C0000760A /* MemoDetailViewModel.swift in Sources */,
				23D3F70826BD074A0000760A /* MemoListViewController.swift in Sources */,
				23D3F70C26BD079F0000760A /* MemoComposeViewController.swift in Sources */,
				23D3F70026BCFD6A0000760A /* Memo.swift in Sources */,
			);
			runOnlyForDeploymentPostprocessing = 0;
		};
/* End PBXSourcesBuildPhase section */

/* Begin PBXVariantGroup section */
		23D3F6E926BCE83F0000760A /* Main.storyboard */ = {
			isa = PBXVariantGroup;
			children = (
				23D3F6EA26BCE83F0000760A /* Base */,
			);
			name = Main.storyboard;
			sourceTree = "<group>";
		};
		23D3F6F126BCE8420000760A /* LaunchScreen.storyboard */ = {
			isa = PBXVariantGroup;
			children = (
				23D3F6F226BCE8420000760A /* Base */,
			);
			name = LaunchScreen.storyboard;
			sourceTree = "<group>";
		};
/* End PBXVariantGroup section */

/* Begin XCBuildConfiguration section */
		23D3F6F526BCE8420000760A /* Debug */ = {
			isa = XCBuildConfiguration;
			buildSettings = {
				ALWAYS_SEARCH_USER_PATHS = NO;
				CLANG_ANALYZER_NONNULL = YES;
				CLANG_ANALYZER_NUMBER_OBJECT_CONVERSION = YES_AGGRESSIVE;
				CLANG_CXX_LANGUAGE_STANDARD = "gnu++14";
				CLANG_CXX_LIBRARY = "libc++";
				CLANG_ENABLE_MODULES = YES;
				CLANG_ENABLE_OBJC_ARC = YES;
				CLANG_ENABLE_OBJC_WEAK = YES;
				CLANG_WARN_BLOCK_CAPTURE_AUTORELEASING = YES;
				CLANG_WARN_BOOL_CONVERSION = YES;
				CLANG_WARN_COMMA = YES;
				CLANG_WARN_CONSTANT_CONVERSION = YES;
				CLANG_WARN_DEPRECATED_OBJC_IMPLEMENTATIONS = YES;
				CLANG_WARN_DIRECT_OBJC_ISA_USAGE = YES_ERROR;
				CLANG_WARN_DOCUMENTATION_COMMENTS = YES;
				CLANG_WARN_EMPTY_BODY = YES;
				CLANG_WARN_ENUM_CONVERSION = YES;
				CLANG_WARN_INFINITE_RECURSION = YES;
				CLANG_WARN_INT_CONVERSION = YES;
				CLANG_WARN_NON_LITERAL_NULL_CONVERSION = YES;
				CLANG_WARN_OBJC_IMPLICIT_RETAIN_SELF = YES;
				CLANG_WARN_OBJC_LITERAL_CONVERSION = YES;
				CLANG_WARN_OBJC_ROOT_CLASS = YES_ERROR;
				CLANG_WARN_QUOTED_INCLUDE_IN_FRAMEWORK_HEADER = YES;
				CLANG_WARN_RANGE_LOOP_ANALYSIS = YES;
				CLANG_WARN_STRICT_PROTOTYPES = YES;
				CLANG_WARN_SUSPICIOUS_MOVE = YES;
				CLANG_WARN_UNGUARDED_AVAILABILITY = YES_AGGRESSIVE;
				CLANG_WARN_UNREACHABLE_CODE = YES;
				CLANG_WARN__DUPLICATE_METHOD_MATCH = YES;
				COPY_PHASE_STRIP = NO;
				DEBUG_INFORMATION_FORMAT = dwarf;
				ENABLE_STRICT_OBJC_MSGSEND = YES;
				ENABLE_TESTABILITY = YES;
				GCC_C_LANGUAGE_STANDARD = gnu11;
				GCC_DYNAMIC_NO_PIC = NO;
				GCC_NO_COMMON_BLOCKS = YES;
				GCC_OPTIMIZATION_LEVEL = 0;
				GCC_PREPROCESSOR_DEFINITIONS = (
					"DEBUG=1",
					"$(inherited)",
				);
				GCC_WARN_64_TO_32_BIT_CONVERSION = YES;
				GCC_WARN_ABOUT_RETURN_TYPE = YES_ERROR;
				GCC_WARN_UNDECLARED_SELECTOR = YES;
				GCC_WARN_UNINITIALIZED_AUTOS = YES_AGGRESSIVE;
				GCC_WARN_UNUSED_FUNCTION = YES;
				GCC_WARN_UNUSED_VARIABLE = YES;
				IPHONEOS_DEPLOYMENT_TARGET = 10.0;
				MTL_ENABLE_DEBUG_INFO = INCLUDE_SOURCE;
				MTL_FAST_MATH = YES;
				ONLY_ACTIVE_ARCH = YES;
				SDKROOT = iphoneos;
				SWIFT_ACTIVE_COMPILATION_CONDITIONS = DEBUG;
				SWIFT_OPTIMIZATION_LEVEL = "-Onone";
			};
			name = Debug;
		};
		23D3F6F626BCE8420000760A /* Release */ = {
			isa = XCBuildConfiguration;
			buildSettings = {
				ALWAYS_SEARCH_USER_PATHS = NO;
				CLANG_ANALYZER_NONNULL = YES;
				CLANG_ANALYZER_NUMBER_OBJECT_CONVERSION = YES_AGGRESSIVE;
				CLANG_CXX_LANGUAGE_STANDARD = "gnu++14";
				CLANG_CXX_LIBRARY = "libc++";
				CLANG_ENABLE_MODULES = YES;
				CLANG_ENABLE_OBJC_ARC = YES;
				CLANG_ENABLE_OBJC_WEAK = YES;
				CLANG_WARN_BLOCK_CAPTURE_AUTORELEASING = YES;
				CLANG_WARN_BOOL_CONVERSION = YES;
				CLANG_WARN_COMMA = YES;
				CLANG_WARN_CONSTANT_CONVERSION = YES;
				CLANG_WARN_DEPRECATED_OBJC_IMPLEMENTATIONS = YES;
				CLANG_WARN_DIRECT_OBJC_ISA_USAGE = YES_ERROR;
				CLANG_WARN_DOCUMENTATION_COMMENTS = YES;
				CLANG_WARN_EMPTY_BODY = YES;
				CLANG_WARN_ENUM_CONVERSION = YES;
				CLANG_WARN_INFINITE_RECURSION = YES;
				CLANG_WARN_INT_CONVERSION = YES;
				CLANG_WARN_NON_LITERAL_NULL_CONVERSION = YES;
				CLANG_WARN_OBJC_IMPLICIT_RETAIN_SELF = YES;
				CLANG_WARN_OBJC_LITERAL_CONVERSION = YES;
				CLANG_WARN_OBJC_ROOT_CLASS = YES_ERROR;
				CLANG_WARN_QUOTED_INCLUDE_IN_FRAMEWORK_HEADER = YES;
				CLANG_WARN_RANGE_LOOP_ANALYSIS = YES;
				CLANG_WARN_STRICT_PROTOTYPES = YES;
				CLANG_WARN_SUSPICIOUS_MOVE = YES;
				CLANG_WARN_UNGUARDED_AVAILABILITY = YES_AGGRESSIVE;
				CLANG_WARN_UNREACHABLE_CODE = YES;
				CLANG_WARN__DUPLICATE_METHOD_MATCH = YES;
				COPY_PHASE_STRIP = NO;
				DEBUG_INFORMATION_FORMAT = "dwarf-with-dsym";
				ENABLE_NS_ASSERTIONS = NO;
				ENABLE_STRICT_OBJC_MSGSEND = YES;
				GCC_C_LANGUAGE_STANDARD = gnu11;
				GCC_NO_COMMON_BLOCKS = YES;
				GCC_WARN_64_TO_32_BIT_CONVERSION = YES;
				GCC_WARN_ABOUT_RETURN_TYPE = YES_ERROR;
				GCC_WARN_UNDECLARED_SELECTOR = YES;
				GCC_WARN_UNINITIALIZED_AUTOS = YES_AGGRESSIVE;
				GCC_WARN_UNUSED_FUNCTION = YES;
				GCC_WARN_UNUSED_VARIABLE = YES;
				IPHONEOS_DEPLOYMENT_TARGET = 10.0;
				MTL_ENABLE_DEBUG_INFO = NO;
				MTL_FAST_MATH = YES;
				SDKROOT = iphoneos;
				SWIFT_COMPILATION_MODE = wholemodule;
				SWIFT_OPTIMIZATION_LEVEL = "-O";
				VALIDATE_PRODUCT = YES;
			};
			name = Release;
		};
		23D3F6F826BCE8420000760A /* Debug */ = {
			isa = XCBuildConfiguration;
			baseConfigurationReference = 06D4411C65F1EEAB7F9C6EBD /* Pods-RxMemo.debug.xcconfig */;
			buildSettings = {
				ASSETCATALOG_COMPILER_APPICON_NAME = AppIcon;
				ASSETCATALOG_COMPILER_GLOBAL_ACCENT_COLOR_NAME = AccentColor;
				CODE_SIGN_STYLE = Automatic;
				DEVELOPMENT_TEAM = ZVVH9DS99Q;
				INFOPLIST_FILE = RxMemo/Info.plist;
				LD_RUNPATH_SEARCH_PATHS = (
					"$(inherited)",
					"@executable_path/Frameworks",
				);
				PRODUCT_BUNDLE_IDENTIFIER = simjungsub.RxMemo;
				PRODUCT_NAME = "$(TARGET_NAME)";
				SWIFT_VERSION = 5.0;
				TARGETED_DEVICE_FAMILY = "1,2";
			};
			name = Debug;
		};
		23D3F6F926BCE8420000760A /* Release */ = {
			isa = XCBuildConfiguration;
			baseConfigurationReference = 53A99981F6473D009F87D717 /* Pods-RxMemo.release.xcconfig */;
			buildSettings = {
				ASSETCATALOG_COMPILER_APPICON_NAME = AppIcon;
				ASSETCATALOG_COMPILER_GLOBAL_ACCENT_COLOR_NAME = AccentColor;
				CODE_SIGN_STYLE = Automatic;
				DEVELOPMENT_TEAM = ZVVH9DS99Q;
				INFOPLIST_FILE = RxMemo/Info.plist;
				LD_RUNPATH_SEARCH_PATHS = (
					"$(inherited)",
					"@executable_path/Frameworks",
				);
				PRODUCT_BUNDLE_IDENTIFIER = simjungsub.RxMemo;
				PRODUCT_NAME = "$(TARGET_NAME)";
				SWIFT_VERSION = 5.0;
				TARGETED_DEVICE_FAMILY = "1,2";
			};
			name = Release;
		};
/* End XCBuildConfiguration section */

/* Begin XCConfigurationList section */
		23D3F6DB26BCE83F0000760A /* Build configuration list for PBXProject "RxMemo" */ = {
			isa = XCConfigurationList;
			buildConfigurations = (
				23D3F6F526BCE8420000760A /* Debug */,
				23D3F6F626BCE8420000760A /* Release */,
			);
			defaultConfigurationIsVisible = 0;
			defaultConfigurationName = Release;
		};
		23D3F6F726BCE8420000760A /* Build configuration list for PBXNativeTarget "RxMemo" */ = {
			isa = XCConfigurationList;
			buildConfigurations = (
				23D3F6F826BCE8420000760A /* Debug */,
				23D3F6F926BCE8420000760A /* Release */,
			);
			defaultConfigurationIsVisible = 0;
			defaultConfigurationName = Release;
		};
/* End XCConfigurationList section */

/* Begin XCVersionGroup section */
		23D3F6EC26BCE83F0000760A /* RxMemo.xcdatamodeld */ = {
			isa = XCVersionGroup;
			children = (
				23D3F6ED26BCE83F0000760A /* RxMemo.xcdatamodel */,
			);
			currentVersion = 23D3F6ED26BCE83F0000760A /* RxMemo.xcdatamodel */;
			path = RxMemo.xcdatamodeld;
			sourceTree = "<group>";
			versionGroupType = wrapper.xcdatamodel;
		};
/* End XCVersionGroup section */
	};
	rootObject = 23D3F6D826BCE83F0000760A /* Project object */;
}
